
Microsoft Visual Studio Solution File, Format Version 12.00
# Visual Studio Version 17
VisualStudioVersion = 17.12.35707.178
MinimumVisualStudioVersion = 10.0.40219.1
Project("{8BC9CEB8-8B4A-11D0-8D11-00A0C91BC942}") = "01_QtConsole", "01_QtConsole\01_QtConsole.vcxproj", "{502EFB09-5917-4B79-93C9-8DFBB4C41519}"
EndProject
Project("{8BC9CEB8-8B4A-11D0-8D11-00A0C91BC942}") = "02_QtTcpServer", "02_QtTcpServer\02_QtTcpServer.vcxproj", "{9C36C72C-B203-4290-B550-186AADF9E167}"
EndProject
Project("{8BC9CEB8-8B4A-11D0-8D11-00A0C91BC942}") = "03_QtTcpClient", "03_QtTcpClient\03_QtTcpClient.vcxproj", "{78D86A26-E386-448D-A0CD-74DC4C87A7D7}"
EndProject
Project("{8BC9CEB8-8B4A-11D0-8D11-00A0C91BC942}") = "04_QtShowCameraFeed", "04_QtShowCameraFeed\04_QtShowCameraFeed.vcxproj", "{352F99AC-3A9C-4C8F-9BA5-544354D4A197}"
EndProject
Project("{8BC9CEB8-8B4A-11D0-8D11-00A0C91BC942}") = "QtSrtLib", "QtSrtLib\QtSrtLib.vcxproj", "{A3ED7CCF-B9DD-40D7-A259-78D0D8D7B4EB}"
EndProject
Global
	GlobalSection(SolutionConfigurationPlatforms) = preSolution
		Debug|x64 = Debug|x64
		Release|x64 = Release|x64
	EndGlobalSection
	GlobalSection(ProjectConfigurationPlatforms) = postSolution
		{502EFB09-5917-4B79-93C9-8DFBB4C41519}.Debug|x64.ActiveCfg = Debug|x64
		{502EFB09-5917-4B79-93C9-8DFBB4C41519}.Debug|x64.Build.0 = Debug|x64
		{502EFB09-5917-4B79-93C9-8DFBB4C41519}.Release|x64.ActiveCfg = Release|x64
		{502EFB09-5917-4B79-93C9-8DFBB4C41519}.Release|x64.Build.0 = Release|x64
		{9C36C72C-B203-4290-B550-186AADF9E167}.Debug|x64.ActiveCfg = Debug|x64
		{9C36C72C-B203-4290-B550-186AADF9E167}.Debug|x64.Build.0 = Debug|x64
		{9C36C72C-B203-4290-B550-186AADF9E167}.Release|x64.ActiveCfg = Release|x64
		{9C36C72C-B203-4290-B550-186AADF9E167}.Release|x64.Build.0 = Release|x64
		{78D86A26-E386-448D-A0CD-74DC4C87A7D7}.Debug|x64.ActiveCfg = Debug|x64
		{78D86A26-E386-448D-A0CD-74DC4C87A7D7}.Debug|x64.Build.0 = Debug|x64
		{78D86A26-E386-448D-A0CD-74DC4C87A7D7}.Release|x64.ActiveCfg = Release|x64
		{78D86A26-E386-448D-A0CD-74DC4C87A7D7}.Release|x64.Build.0 = Release|x64
		{352F99AC-3A9C-4C8F-9BA5-544354D4A197}.Debug|x64.ActiveCfg = Debug|x64
		{352F99AC-3A9C-4C8F-9BA5-544354D4A197}.Debug|x64.Build.0 = Debug|x64
		{352F99AC-3A9C-4C8F-9BA5-544354D4A197}.Release|x64.ActiveCfg = Release|x64
		{352F99AC-3A9C-4C8F-9BA5-544354D4A197}.Release|x64.Build.0 = Release|x64
		{A3ED7CCF-B9DD-40D7-A259-78D0D8D7B4EB}.Debug|x64.ActiveCfg = Debug|x64
		{A3ED7CCF-B9DD-40D7-A259-78D0D8D7B4EB}.Debug|x64.Build.0 = Debug|x64
		{A3ED7CCF-B9DD-40D7-A259-78D0D8D7B4EB}.Release|x64.ActiveCfg = Release|x64
		{A3ED7CCF-B9DD-40D7-A259-78D0D8D7B4EB}.Release|x64.Build.0 = Release|x64
	EndGlobalSection
	GlobalSection(SolutionProperties) = preSolution
		HideSolutionNode = FALSE
	EndGlobalSection
EndGlobal
